
Microsoft Visual Studio Solution File, Format Version 12.00
# Visual Studio 15
VisualStudioVersion = 15.0.27428.2002
MinimumVisualStudioVersion = 10.0.40219.1
Project("{FAE04EC0-301F-11D3-BF4B-00C04F79EFBC}") = "Tennis", "BowlingTennisKata\Tennis.csproj", "{6EAAD2F2-4847-4523-B183-9326DF8AE5AA}"
EndProject
Project("{2150E333-8FDC-42A3-9474-1A3956D46DE8}") = "src", "src", "{ABA20B52-2D37-4FE4-B48A-286BC242E755}"
EndProject
Project("{2150E333-8FDC-42A3-9474-1A3956D46DE8}") = "test", "test", "{BCEDBBFB-5A7E-45BC-B237-4B66D2D6B7DA}"
EndProject
Project("{FAE04EC0-301F-11D3-BF4B-00C04F79EFBC}") = "Tennis.UnitTests", "BowlingTennisKata.UnitTests\Tennis.UnitTests.csproj", "{5D9DDF34-740A-4BDD-A281-9B6AFFC9F11D}"
EndProject
Global
	GlobalSection(SolutionConfigurationPlatforms) = preSolution
		Debug|Any CPU = Debug|Any CPU
		Release|Any CPU = Release|Any CPU
	EndGlobalSection
	GlobalSection(ProjectConfigurationPlatforms) = postSolution
		{6EAAD2F2-4847-4523-B183-9326DF8AE5AA}.Debug|Any CPU.ActiveCfg = Debug|Any CPU
		{6EAAD2F2-4847-4523-B183-9326DF8AE5AA}.Debug|Any CPU.Build.0 = Debug|Any CPU
		{6EAAD2F2-4847-4523-B183-9326DF8AE5AA}.Release|Any CPU.ActiveCfg = Release|Any CPU
		{6EAAD2F2-4847-4523-B183-9326DF8AE5AA}.Release|Any CPU.Build.0 = Release|Any CPU
		{5D9DDF34-740A-4BDD-A281-9B6AFFC9F11D}.Debug|Any CPU.ActiveCfg = Debug|Any CPU
		{5D9DDF34-740A-4BDD-A281-9B6AFFC9F11D}.Debug|Any CPU.Build.0 = Debug|Any CPU
		{5D9DDF34-740A-4BDD-A281-9B6AFFC9F11D}.Release|Any CPU.ActiveCfg = Release|Any CPU
		{5D9DDF34-740A-4BDD-A281-9B6AFFC9F11D}.Release|Any CPU.Build.0 = Release|Any CPU
	EndGlobalSection
	GlobalSection(SolutionProperties) = preSolution
		HideSolutionNode = FALSE
	EndGlobalSection
	GlobalSection(NestedProjects) = preSolution
		{6EAAD2F2-4847-4523-B183-9326DF8AE5AA} = {ABA20B52-2D37-4FE4-B48A-286BC242E755}
		{5D9DDF34-740A-4BDD-A281-9B6AFFC9F11D} = {BCEDBBFB-5A7E-45BC-B237-4B66D2D6B7DA}
	EndGlobalSection
	GlobalSection(ExtensibilityGlobals) = postSolution
		SolutionGuid = {5C6443A2-8091-482A-969A-6724A92A25AC}
	EndGlobalSection
EndGlobal
